{
    "_readme": [
        "This file locks the dependencies of your project to a known state",
        "Read more about it at https://getcomposer.org/doc/01-basic-usage.md#installing-dependencies",
        "This file is @generated automatically"
    ],
    "content-hash": "69dcf1b14eb5b27d96230849a5c81d6d",
    "packages": [],
    "packages-dev": [
        {
            "name": "wpcommander/artisan",
            "version": "dev-main",
            "source": {
                "type": "git",
                "url": "https://github.com/wpcommander/artisan.git",
                "reference": "d28d5bfdda7f09751536e5422fd1c67f9c2b070d"
            },
            "dist": {
                "type": "zip",
                "url": "https://api.github.com/repos/wpcommander/artisan/zipball/d28d5bfdda7f09751536e5422fd1c67f9c2b070d",
                "reference": "d28d5bfdda7f09751536e5422fd1c67f9c2b070d",
                "shasum": ""
            },
            "default-branch": true,
            "type": "library",
            "autoload": {
                "psr-4": {
                    "Wpcommander\\Artisan\\": "src/"
                }
            },
            "notification-url": "https://packagist.org/downloads/",
            "license": [
                "MIT"
            ],
            "authors": [
                {
                    "name": "MD AL AMIN",
                    "email": "mdalaminbey@gmail.com"
                }
            ],
            "support": {
                "issues": "https://github.com/wpcommander/artisan/issues",
                "source": "https://github.com/wpcommander/artisan/tree/main"
            },
            "time": "2022-12-29T15:35:41+00:00"
        }
    ],
    "aliases": [],
    "minimum-stability": "dev",
    "stability-flags": [],
    "prefer-stable": true,
    "prefer-lowest": false,
    "platform": {
        "php": ">=7.4"
    },
    "platform-dev": [],
    "plugin-api-version": "2.3.0"
}
