{
    "_readme": [
        "This file locks the dependencies of your project to a known state",
        "Read more about it at https://getcomposer.org/doc/01-basic-usage.md#installing-dependencies",
        "This file is @generated automatically"
    ],
    "content-hash": "f8cf3282930a5b247862ec5888ec080b",
    "packages": [
        {
            "name": "wpcommander/artisan",
            "version": "1.0.0",
            "source": {
                "type": "git",
                "url": "https://github.com/wpcommander/artisan.git",
                "reference": "d798ef2cfa4560db47d5e41a876f8354f051e17d"
            },
            "dist": {
                "type": "zip",
                "url": "https://api.github.com/repos/wpcommander/artisan/zipball/d798ef2cfa4560db47d5e41a876f8354f051e17d",
                "reference": "d798ef2cfa4560db47d5e41a876f8354f051e17d",
                "shasum": ""
            },
            "type": "library",
            "autoload": {
                "psr-4": {
                    "Wpcommander\\Artisan\\": "src/"
                }
            },
            "notification-url": "https://packagist.org/downloads/",
            "license": [
                "MIT"
            ],
            "authors": [
                {
                    "name": "MD AL AMIN",
                    "email": "mdalaminbey@gmail.com"
                }
            ],
            "support": {
                "issues": "https://github.com/wpcommander/artisan/issues",
                "source": "https://github.com/wpcommander/artisan/tree/1.0.0"
            },
            "time": "2022-12-29T16:50:49+00:00"
        }
    ],
    "packages-dev": [],
    "aliases": [],
    "minimum-stability": "dev",
    "stability-flags": [],
    "prefer-stable": true,
    "prefer-lowest": false,
    "platform": {
        "php": ">=7.4"
    },
    "platform-dev": [],
    "plugin-api-version": "2.3.0"
}
